// !$*UTF8*$!
{
	archiveVersion = 1;
	classes = {
	};
	objectVersion = 51;
	objects = {

/* Begin PBXBuildFile section */
		645570B6F604CB88158F5D02 /* Pods_Pattern_MVVM_Pattern_MVVMUITests.framework in Frameworks */ = {isa = PBXBuildFile; fileRef = D701F20D6DD933BA2095A4A5 /* Pods_Pattern_MVVM_Pattern_MVVMUITests.framework */; };
		775C4A192544DBC7005347BB /* DetailsCoordinator.swift in Sources */ = {isa = PBXBuildFile; fileRef = 775C4A182544DBC7005347BB /* DetailsCoordinator.swift */; };
		77B52EF12544E8FB00284E90 /* HomeViewController.swift in Sources */ = {isa = PBXBuildFile; fileRef = 77B52EF02544E8FA00284E90 /* HomeViewController.swift */; };
		77B52EF62544E94D00284E90 /* Home.storyboard in Resources */ = {isa = PBXBuildFile; fileRef = 77B52EF52544E94D00284E90 /* Home.storyboard */; };
		77B52EFB2544E98C00284E90 /* DetailsViewController.swift in Sources */ = {isa = PBXBuildFile; fileRef = 77B52EFA2544E98C00284E90 /* DetailsViewController.swift */; };
		77B52F002544E9AB00284E90 /* Details.storyboard in Resources */ = {isa = PBXBuildFile; fileRef = 77B52EFF2544E9AB00284E90 /* Details.storyboard */; };
		77B52F05254503D800284E90 /* HomeViewModel.swift in Sources */ = {isa = PBXBuildFile; fileRef = 77B52F04254503D800284E90 /* HomeViewModel.swift */; };
		77B52F0D2545053400284E90 /* HomeService.swift in Sources */ = {isa = PBXBuildFile; fileRef = 77B52F0C2545053400284E90 /* HomeService.swift */; };
		77B52F382545FE2800284E90 /* CommomTableViewCell.swift in Sources */ = {isa = PBXBuildFile; fileRef = 77B52F362545FE2800284E90 /* CommomTableViewCell.swift */; };
		77B52F392545FE2800284E90 /* CommomTableViewCell.xib in Resources */ = {isa = PBXBuildFile; fileRef = 77B52F372545FE2800284E90 /* CommomTableViewCell.xib */; };
		77F1814A2544C0F300E765EB /* AppDelegate.swift in Sources */ = {isa = PBXBuildFile; fileRef = 77F181492544C0F300E765EB /* AppDelegate.swift */; };
		77F1814C2544C0F300E765EB /* SceneDelegate.swift in Sources */ = {isa = PBXBuildFile; fileRef = 77F1814B2544C0F300E765EB /* SceneDelegate.swift */; };
		77F181532544C0F400E765EB /* Assets.xcassets in Resources */ = {isa = PBXBuildFile; fileRef = 77F181522544C0F400E765EB /* Assets.xcassets */; };
		77F181562544C0F400E765EB /* LaunchScreen.storyboard in Resources */ = {isa = PBXBuildFile; fileRef = 77F181542544C0F400E765EB /* LaunchScreen.storyboard */; };
		77F181612544C0F400E765EB /* Pattern_MVVMTests.swift in Sources */ = {isa = PBXBuildFile; fileRef = 77F181602544C0F400E765EB /* Pattern_MVVMTests.swift */; };
		77F1816C2544C0F400E765EB /* Pattern_MVVMUITests.swift in Sources */ = {isa = PBXBuildFile; fileRef = 77F1816B2544C0F400E765EB /* Pattern_MVVMUITests.swift */; };
		77F1819D2544C54000E765EB /* People.swift in Sources */ = {isa = PBXBuildFile; fileRef = 77F1819C2544C54000E765EB /* People.swift */; };
		77F181A22544C60100E765EB /* Events.swift in Sources */ = {isa = PBXBuildFile; fileRef = 77F181A12544C60100E765EB /* Events.swift */; };
		77F181A72544C8B700E765EB /* EventService.swift in Sources */ = {isa = PBXBuildFile; fileRef = 77F181A62544C8B700E765EB /* EventService.swift */; };
		77F181D52544D28600E765EB /* Extensions.swift in Sources */ = {isa = PBXBuildFile; fileRef = 77F181D42544D28600E765EB /* Extensions.swift */; };
		77F181DD2544D59500E765EB /* MainCoordinator.swift in Sources */ = {isa = PBXBuildFile; fileRef = 77F181DC2544D59500E765EB /* MainCoordinator.swift */; };
		77F181E22544D5AD00E765EB /* Coordinator.swift in Sources */ = {isa = PBXBuildFile; fileRef = 77F181E12544D5AD00E765EB /* Coordinator.swift */; };
		77F181E72544D5C100E765EB /* Storyboarded.swift in Sources */ = {isa = PBXBuildFile; fileRef = 77F181E62544D5C100E765EB /* Storyboarded.swift */; };
		77F181EC2544D5D300E765EB /* HomeCoordinator.swift in Sources */ = {isa = PBXBuildFile; fileRef = 77F181EB2544D5D300E765EB /* HomeCoordinator.swift */; };
		77F181F12544D60800E765EB /* Constants.swift in Sources */ = {isa = PBXBuildFile; fileRef = 77F181F02544D60800E765EB /* Constants.swift */; };
		77F181F62544D68200E765EB /* Colors.swift in Sources */ = {isa = PBXBuildFile; fileRef = 77F181F52544D68200E765EB /* Colors.swift */; };
		7F7B3A116753C30D9FE8A276 /* Pods_Pattern_MVVM.framework in Frameworks */ = {isa = PBXBuildFile; fileRef = 0EBDAA47586E4846D29E6061 /* Pods_Pattern_MVVM.framework */; };
		AB8BFD66C8377DBF339314A5 /* Pods_Pattern_MVVMTests.framework in Frameworks */ = {isa = PBXBuildFile; fileRef = 3116A52CF781BD84DBAB8F7D /* Pods_Pattern_MVVMTests.framework */; };
/* End PBXBuildFile section */

/* Begin PBXContainerItemProxy section */
		77F1815D2544C0F400E765EB /* PBXContainerItemProxy */ = {
			isa = PBXContainerItemProxy;
			containerPortal = 77F1813E2544C0F300E765EB /* Project object */;
			proxyType = 1;
			remoteGlobalIDString = 77F181452544C0F300E765EB;
			remoteInfo = "Pattern-MVVM";
		};
		77F181682544C0F400E765EB /* PBXContainerItemProxy */ = {
			isa = PBXContainerItemProxy;
			containerPortal = 77F1813E2544C0F300E765EB /* Project object */;
			proxyType = 1;
			remoteGlobalIDString = 77F181452544C0F300E765EB;
			remoteInfo = "Pattern-MVVM";
		};
/* End PBXContainerItemProxy section */

/* Begin PBXFileReference section */
		038CAEFF88F3461E6198AFB7 /* Pods-Pattern-MVVM.release.xcconfig */ = {isa = PBXFileReference; includeInIndex = 1; lastKnownFileType = text.xcconfig; name = "Pods-Pattern-MVVM.release.xcconfig"; path = "Target Support Files/Pods-Pattern-MVVM/Pods-Pattern-MVVM.release.xcconfig"; sourceTree = "<group>"; };
		0EBDAA47586E4846D29E6061 /* Pods_Pattern_MVVM.framework */ = {isa = PBXFileReference; explicitFileType = wrapper.framework; includeInIndex = 0; path = Pods_Pattern_MVVM.framework; sourceTree = BUILT_PRODUCTS_DIR; };
		3116A52CF781BD84DBAB8F7D /* Pods_Pattern_MVVMTests.framework */ = {isa = PBXFileReference; explicitFileType = wrapper.framework; includeInIndex = 0; path = Pods_Pattern_MVVMTests.framework; sourceTree = BUILT_PRODUCTS_DIR; };
		775C4A182544DBC7005347BB /* DetailsCoordinator.swift */ = {isa = PBXFileReference; lastKnownFileType = sourcecode.swift; path = DetailsCoordinator.swift; sourceTree = "<group>"; };
		77B52EF02544E8FA00284E90 /* HomeViewController.swift */ = {isa = PBXFileReference; lastKnownFileType = sourcecode.swift; path = HomeViewController.swift; sourceTree = "<group>"; };
		77B52EF52544E94D00284E90 /* Home.storyboard */ = {isa = PBXFileReference; lastKnownFileType = file.storyboard; path = Home.storyboard; sourceTree = "<group>"; };
		77B52EFA2544E98C00284E90 /* DetailsViewController.swift */ = {isa = PBXFileReference; lastKnownFileType = sourcecode.swift; path = DetailsViewController.swift; sourceTree = "<group>"; };
		77B52EFF2544E9AB00284E90 /* Details.storyboard */ = {isa = PBXFileReference; lastKnownFileType = file.storyboard; path = Details.storyboard; sourceTree = "<group>"; };
		77B52F04254503D800284E90 /* HomeViewModel.swift */ = {isa = PBXFileReference; lastKnownFileType = sourcecode.swift; path = HomeViewModel.swift; sourceTree = "<group>"; };
		77B52F0C2545053400284E90 /* HomeService.swift */ = {isa = PBXFileReference; lastKnownFileType = sourcecode.swift; path = HomeService.swift; sourceTree = "<group>"; };
		77B52F362545FE2800284E90 /* CommomTableViewCell.swift */ = {isa = PBXFileReference; lastKnownFileType = sourcecode.swift; path = CommomTableViewCell.swift; sourceTree = "<group>"; };
		77B52F372545FE2800284E90 /* CommomTableViewCell.xib */ = {isa = PBXFileReference; lastKnownFileType = file.xib; path = CommomTableViewCell.xib; sourceTree = "<group>"; };
		77F181462544C0F300E765EB /* Pattern-MVVM.app */ = {isa = PBXFileReference; explicitFileType = wrapper.application; includeInIndex = 0; path = "Pattern-MVVM.app"; sourceTree = BUILT_PRODUCTS_DIR; };
		77F181492544C0F300E765EB /* AppDelegate.swift */ = {isa = PBXFileReference; lastKnownFileType = sourcecode.swift; path = AppDelegate.swift; sourceTree = "<group>"; };
		77F1814B2544C0F300E765EB /* SceneDelegate.swift */ = {isa = PBXFileReference; lastKnownFileType = sourcecode.swift; path = SceneDelegate.swift; sourceTree = "<group>"; };
		77F181522544C0F400E765EB /* Assets.xcassets */ = {isa = PBXFileReference; lastKnownFileType = folder.assetcatalog; path = Assets.xcassets; sourceTree = "<group>"; };
		77F181552544C0F400E765EB /* Base */ = {isa = PBXFileReference; lastKnownFileType = file.storyboard; name = Base; path = Base.lproj/LaunchScreen.storyboard; sourceTree = "<group>"; };
		77F181572544C0F400E765EB /* Info.plist */ = {isa = PBXFileReference; lastKnownFileType = text.plist.xml; path = Info.plist; sourceTree = "<group>"; };
		77F1815C2544C0F400E765EB /* Pattern-MVVMTests.xctest */ = {isa = PBXFileReference; explicitFileType = wrapper.cfbundle; includeInIndex = 0; path = "Pattern-MVVMTests.xctest"; sourceTree = BUILT_PRODUCTS_DIR; };
		77F181602544C0F400E765EB /* Pattern_MVVMTests.swift */ = {isa = PBXFileReference; lastKnownFileType = sourcecode.swift; path = Pattern_MVVMTests.swift; sourceTree = "<group>"; };
		77F181622544C0F400E765EB /* Info.plist */ = {isa = PBXFileReference; lastKnownFileType = text.plist.xml; path = Info.plist; sourceTree = "<group>"; };
		77F181672544C0F400E765EB /* Pattern-MVVMUITests.xctest */ = {isa = PBXFileReference; explicitFileType = wrapper.cfbundle; includeInIndex = 0; path = "Pattern-MVVMUITests.xctest"; sourceTree = BUILT_PRODUCTS_DIR; };
		77F1816B2544C0F400E765EB /* Pattern_MVVMUITests.swift */ = {isa = PBXFileReference; lastKnownFileType = sourcecode.swift; path = Pattern_MVVMUITests.swift; sourceTree = "<group>"; };
		77F1816D2544C0F400E765EB /* Info.plist */ = {isa = PBXFileReference; lastKnownFileType = text.plist.xml; path = Info.plist; sourceTree = "<group>"; };
		77F1819C2544C54000E765EB /* People.swift */ = {isa = PBXFileReference; lastKnownFileType = sourcecode.swift; path = People.swift; sourceTree = "<group>"; };
		77F181A12544C60100E765EB /* Events.swift */ = {isa = PBXFileReference; lastKnownFileType = sourcecode.swift; path = Events.swift; sourceTree = "<group>"; };
		77F181A62544C8B700E765EB /* EventService.swift */ = {isa = PBXFileReference; lastKnownFileType = sourcecode.swift; path = EventService.swift; sourceTree = "<group>"; };
		77F181D42544D28600E765EB /* Extensions.swift */ = {isa = PBXFileReference; lastKnownFileType = sourcecode.swift; path = Extensions.swift; sourceTree = "<group>"; };
		77F181DC2544D59500E765EB /* MainCoordinator.swift */ = {isa = PBXFileReference; lastKnownFileType = sourcecode.swift; path = MainCoordinator.swift; sourceTree = "<group>"; };
		77F181E12544D5AD00E765EB /* Coordinator.swift */ = {isa = PBXFileReference; lastKnownFileType = sourcecode.swift; path = Coordinator.swift; sourceTree = "<group>"; };
		77F181E62544D5C100E765EB /* Storyboarded.swift */ = {isa = PBXFileReference; lastKnownFileType = sourcecode.swift; path = Storyboarded.swift; sourceTree = "<group>"; };
		77F181EB2544D5D300E765EB /* HomeCoordinator.swift */ = {isa = PBXFileReference; lastKnownFileType = sourcecode.swift; path = HomeCoordinator.swift; sourceTree = "<group>"; };
		77F181F02544D60800E765EB /* Constants.swift */ = {isa = PBXFileReference; lastKnownFileType = sourcecode.swift; path = Constants.swift; sourceTree = "<group>"; };
		77F181F52544D68200E765EB /* Colors.swift */ = {isa = PBXFileReference; lastKnownFileType = sourcecode.swift; path = Colors.swift; sourceTree = "<group>"; };
		946C39C6E7ABEB5B477A4090 /* Pods-Pattern-MVVM-Pattern-MVVMUITests.release.xcconfig */ = {isa = PBXFileReference; includeInIndex = 1; lastKnownFileType = text.xcconfig; name = "Pods-Pattern-MVVM-Pattern-MVVMUITests.release.xcconfig"; path = "Target Support Files/Pods-Pattern-MVVM-Pattern-MVVMUITests/Pods-Pattern-MVVM-Pattern-MVVMUITests.release.xcconfig"; sourceTree = "<group>"; };
		9F90FCBC1EFEE20D5C9AFE82 /* Pods-Pattern-MVVM-Pattern-MVVMUITests.debug.xcconfig */ = {isa = PBXFileReference; includeInIndex = 1; lastKnownFileType = text.xcconfig; name = "Pods-Pattern-MVVM-Pattern-MVVMUITests.debug.xcconfig"; path = "Target Support Files/Pods-Pattern-MVVM-Pattern-MVVMUITests/Pods-Pattern-MVVM-Pattern-MVVMUITests.debug.xcconfig"; sourceTree = "<group>"; };
		A0B6F1BFAEC234E5EDF8B237 /* Pods-Pattern-MVVM.debug.xcconfig */ = {isa = PBXFileReference; includeInIndex = 1; lastKnownFileType = text.xcconfig; name = "Pods-Pattern-MVVM.debug.xcconfig"; path = "Target Support Files/Pods-Pattern-MVVM/Pods-Pattern-MVVM.debug.xcconfig"; sourceTree = "<group>"; };
		CBDCBD307B43A302BC495CDF /* Pods-Pattern-MVVMTests.debug.xcconfig */ = {isa = PBXFileReference; includeInIndex = 1; lastKnownFileType = text.xcconfig; name = "Pods-Pattern-MVVMTests.debug.xcconfig"; path = "Target Support Files/Pods-Pattern-MVVMTests/Pods-Pattern-MVVMTests.debug.xcconfig"; sourceTree = "<group>"; };
		D50DEFBE46FC83F3CBAA6EB3 /* Pods-Pattern-MVVMTests.release.xcconfig */ = {isa = PBXFileReference; includeInIndex = 1; lastKnownFileType = text.xcconfig; name = "Pods-Pattern-MVVMTests.release.xcconfig"; path = "Target Support Files/Pods-Pattern-MVVMTests/Pods-Pattern-MVVMTests.release.xcconfig"; sourceTree = "<group>"; };
		D701F20D6DD933BA2095A4A5 /* Pods_Pattern_MVVM_Pattern_MVVMUITests.framework */ = {isa = PBXFileReference; explicitFileType = wrapper.framework; includeInIndex = 0; path = Pods_Pattern_MVVM_Pattern_MVVMUITests.framework; sourceTree = BUILT_PRODUCTS_DIR; };
/* End PBXFileReference section */

/* Begin PBXFrameworksBuildPhase section */
		77F181432544C0F300E765EB /* Frameworks */ = {
			isa = PBXFrameworksBuildPhase;
			buildActionMask = 2147483647;
			files = (
				7F7B3A116753C30D9FE8A276 /* Pods_Pattern_MVVM.framework in Frameworks */,
			);
			runOnlyForDeploymentPostprocessing = 0;
		};
		77F181592544C0F400E765EB /* Frameworks */ = {
			isa = PBXFrameworksBuildPhase;
			buildActionMask = 2147483647;
			files = (
				AB8BFD66C8377DBF339314A5 /* Pods_Pattern_MVVMTests.framework in Frameworks */,
			);
			runOnlyForDeploymentPostprocessing = 0;
		};
		77F181642544C0F400E765EB /* Frameworks */ = {
			isa = PBXFrameworksBuildPhase;
			buildActionMask = 2147483647;
			files = (
				645570B6F604CB88158F5D02 /* Pods_Pattern_MVVM_Pattern_MVVMUITests.framework in Frameworks */,
			);
			runOnlyForDeploymentPostprocessing = 0;
		};
/* End PBXFrameworksBuildPhase section */

/* Begin PBXGroup section */
		33EF84849F8C6106FCF3BC5D /* Frameworks */ = {
			isa = PBXGroup;
			children = (
				0EBDAA47586E4846D29E6061 /* Pods_Pattern_MVVM.framework */,
				D701F20D6DD933BA2095A4A5 /* Pods_Pattern_MVVM_Pattern_MVVMUITests.framework */,
				3116A52CF781BD84DBAB8F7D /* Pods_Pattern_MVVMTests.framework */,
			);
			name = Frameworks;
			sourceTree = "<group>";
		};
		77B52EEF2544E8E400284E90 /* ViewController */ = {
			isa = PBXGroup;
			children = (
				77B52EF02544E8FA00284E90 /* HomeViewController.swift */,
				77B52EF52544E94D00284E90 /* Home.storyboard */,
				77B52EFA2544E98C00284E90 /* DetailsViewController.swift */,
				77B52F04254503D800284E90 /* HomeViewModel.swift */,
				77B52EFF2544E9AB00284E90 /* Details.storyboard */,
			);
			path = ViewController;
			sourceTree = "<group>";
		};
		77B52F352545FE1200284E90 /* Componets */ = {
			isa = PBXGroup;
			children = (
				77B52F362545FE2800284E90 /* CommomTableViewCell.swift */,
				77B52F372545FE2800284E90 /* CommomTableViewCell.xib */,
			);
			path = Componets;
			sourceTree = "<group>";
		};
		77F1813D2544C0F300E765EB = {
			isa = PBXGroup;
			children = (
				77F181482544C0F300E765EB /* Pattern-MVVM */,
				77F1815F2544C0F400E765EB /* Pattern-MVVMTests */,
				77F1816A2544C0F400E765EB /* Pattern-MVVMUITests */,
				77F181472544C0F300E765EB /* Products */,
				CDA9D94D5F138EFD022CC9A9 /* Pods */,
				33EF84849F8C6106FCF3BC5D /* Frameworks */,
			);
			sourceTree = "<group>";
		};
		77F181472544C0F300E765EB /* Products */ = {
			isa = PBXGroup;
			children = (
				77F181462544C0F300E765EB /* Pattern-MVVM.app */,
				77F1815C2544C0F400E765EB /* Pattern-MVVMTests.xctest */,
				77F181672544C0F400E765EB /* Pattern-MVVMUITests.xctest */,
			);
			name = Products;
			sourceTree = "<group>";
		};
		77F181482544C0F300E765EB /* Pattern-MVVM */ = {
			isa = PBXGroup;
			children = (
				77B52F352545FE1200284E90 /* Componets */,
				77B52EEF2544E8E400284E90 /* ViewController */,
				77F181902544C28100E765EB /* Model */,
				77F181982544C37A00E765EB /* Network */,
				77F181922544C29A00E765EB /* Coordinator */,
				77F181932544C2B000E765EB /* Resources */,
				77F181912544C28E00E765EB /* Utils */,
				77F181542544C0F400E765EB /* LaunchScreen.storyboard */,
				77F1814B2544C0F300E765EB /* SceneDelegate.swift */,
				77F181572544C0F400E765EB /* Info.plist */,
			);
			path = "Pattern-MVVM";
			sourceTree = "<group>";
		};
		77F1815F2544C0F400E765EB /* Pattern-MVVMTests */ = {
			isa = PBXGroup;
			children = (
				77F181602544C0F400E765EB /* Pattern_MVVMTests.swift */,
				77F181622544C0F400E765EB /* Info.plist */,
			);
			path = "Pattern-MVVMTests";
			sourceTree = "<group>";
		};
		77F1816A2544C0F400E765EB /* Pattern-MVVMUITests */ = {
			isa = PBXGroup;
			children = (
				77F1816B2544C0F400E765EB /* Pattern_MVVMUITests.swift */,
				77F1816D2544C0F400E765EB /* Info.plist */,
			);
			path = "Pattern-MVVMUITests";
			sourceTree = "<group>";
		};
		77F181902544C28100E765EB /* Model */ = {
			isa = PBXGroup;
			children = (
				77F181A12544C60100E765EB /* Events.swift */,
				77F1819C2544C54000E765EB /* People.swift */,
			);
			path = Model;
			sourceTree = "<group>";
		};
		77F181912544C28E00E765EB /* Utils */ = {
			isa = PBXGroup;
			children = (
				77F181D42544D28600E765EB /* Extensions.swift */,
				77F181F02544D60800E765EB /* Constants.swift */,
				77F181F52544D68200E765EB /* Colors.swift */,
			);
			path = Utils;
			sourceTree = "<group>";
		};
		77F181922544C29A00E765EB /* Coordinator */ = {
			isa = PBXGroup;
			children = (
				77F181DC2544D59500E765EB /* MainCoordinator.swift */,
				77F181E12544D5AD00E765EB /* Coordinator.swift */,
				77F181E62544D5C100E765EB /* Storyboarded.swift */,
				77F181EB2544D5D300E765EB /* HomeCoordinator.swift */,
				775C4A182544DBC7005347BB /* DetailsCoordinator.swift */,
			);
			path = Coordinator;
			sourceTree = "<group>";
		};
		77F181932544C2B000E765EB /* Resources */ = {
			isa = PBXGroup;
			children = (
				77F181492544C0F300E765EB /* AppDelegate.swift */,
				77F181522544C0F400E765EB /* Assets.xcassets */,
			);
			path = Resources;
			sourceTree = "<group>";
		};
		77F181982544C37A00E765EB /* Network */ = {
			isa = PBXGroup;
			children = (
				77B52F0C2545053400284E90 /* HomeService.swift */,
				77F181A62544C8B700E765EB /* EventService.swift */,
			);
			path = Network;
			sourceTree = "<group>";
		};
		CDA9D94D5F138EFD022CC9A9 /* Pods */ = {
			isa = PBXGroup;
			children = (
				A0B6F1BFAEC234E5EDF8B237 /* Pods-Pattern-MVVM.debug.xcconfig */,
				038CAEFF88F3461E6198AFB7 /* Pods-Pattern-MVVM.release.xcconfig */,
				9F90FCBC1EFEE20D5C9AFE82 /* Pods-Pattern-MVVM-Pattern-MVVMUITests.debug.xcconfig */,
				946C39C6E7ABEB5B477A4090 /* Pods-Pattern-MVVM-Pattern-MVVMUITests.release.xcconfig */,
				CBDCBD307B43A302BC495CDF /* Pods-Pattern-MVVMTests.debug.xcconfig */,
				D50DEFBE46FC83F3CBAA6EB3 /* Pods-Pattern-MVVMTests.release.xcconfig */,
			);
			path = Pods;
			sourceTree = "<group>";
		};
/* End PBXGroup section */

/* Begin PBXNativeTarget section */
		77F181452544C0F300E765EB /* Pattern-MVVM */ = {
			isa = PBXNativeTarget;
			buildConfigurationList = 77F181702544C0F400E765EB /* Build configuration list for PBXNativeTarget "Pattern-MVVM" */;
			buildPhases = (
				7CF812A34920317F87922C7E /* [CP] Check Pods Manifest.lock */,
				77F181422544C0F300E765EB /* Sources */,
				77F181432544C0F300E765EB /* Frameworks */,
				77F181442544C0F300E765EB /* Resources */,
				1D30D003AA6C157D7CA6BAAA /* [CP] Embed Pods Frameworks */,
			);
			buildRules = (
			);
			dependencies = (
			);
			name = "Pattern-MVVM";
			productName = "Pattern-MVVM";
			productReference = 77F181462544C0F300E765EB /* Pattern-MVVM.app */;
			productType = "com.apple.product-type.application";
		};
		77F1815B2544C0F400E765EB /* Pattern-MVVMTests */ = {
			isa = PBXNativeTarget;
			buildConfigurationList = 77F181732544C0F400E765EB /* Build configuration list for PBXNativeTarget "Pattern-MVVMTests" */;
			buildPhases = (
				F9CB0DC8D61DFB9F8C9D6703 /* [CP] Check Pods Manifest.lock */,
				77F181582544C0F400E765EB /* Sources */,
				77F181592544C0F400E765EB /* Frameworks */,
				77F1815A2544C0F400E765EB /* Resources */,
			);
			buildRules = (
			);
			dependencies = (
				77F1815E2544C0F400E765EB /* PBXTargetDependency */,
			);
			name = "Pattern-MVVMTests";
			productName = "Pattern-MVVMTests";
			productReference = 77F1815C2544C0F400E765EB /* Pattern-MVVMTests.xctest */;
			productType = "com.apple.product-type.bundle.unit-test";
		};
		77F181662544C0F400E765EB /* Pattern-MVVMUITests */ = {
			isa = PBXNativeTarget;
			buildConfigurationList = 77F181762544C0F400E765EB /* Build configuration list for PBXNativeTarget "Pattern-MVVMUITests" */;
			buildPhases = (
				73DAF7D48874A61506FC9175 /* [CP] Check Pods Manifest.lock */,
				77F181632544C0F400E765EB /* Sources */,
				77F181642544C0F400E765EB /* Frameworks */,
				77F181652544C0F400E765EB /* Resources */,
				FF5C0D3AFC16D216E3E7FC94 /* [CP] Embed Pods Frameworks */,
			);
			buildRules = (
			);
			dependencies = (
				77F181692544C0F400E765EB /* PBXTargetDependency */,
			);
			name = "Pattern-MVVMUITests";
			productName = "Pattern-MVVMUITests";
			productReference = 77F181672544C0F400E765EB /* Pattern-MVVMUITests.xctest */;
			productType = "com.apple.product-type.bundle.ui-testing";
		};
/* End PBXNativeTarget section */

/* Begin PBXProject section */
		77F1813E2544C0F300E765EB /* Project object */ = {
			isa = PBXProject;
			attributes = {
				LastSwiftUpdateCheck = 1210;
				LastUpgradeCheck = 1210;
				TargetAttributes = {
					77F181452544C0F300E765EB = {
						CreatedOnToolsVersion = 12.1;
					};
					77F1815B2544C0F400E765EB = {
						CreatedOnToolsVersion = 12.1;
						TestTargetID = 77F181452544C0F300E765EB;
					};
					77F181662544C0F400E765EB = {
						CreatedOnToolsVersion = 12.1;
						TestTargetID = 77F181452544C0F300E765EB;
					};
				};
			};
			buildConfigurationList = 77F181412544C0F300E765EB /* Build configuration list for PBXProject "Pattern-MVVM" */;
			compatibilityVersion = "Xcode 9.3";
			developmentRegion = en;
			hasScannedForEncodings = 0;
			knownRegions = (
				en,
				Base,
			);
			mainGroup = 77F1813D2544C0F300E765EB;
			productRefGroup = 77F181472544C0F300E765EB /* Products */;
			projectDirPath = "";
			projectRoot = "";
			targets = (
				77F181452544C0F300E765EB /* Pattern-MVVM */,
				77F1815B2544C0F400E765EB /* Pattern-MVVMTests */,
				77F181662544C0F400E765EB /* Pattern-MVVMUITests */,
			);
		};
/* End PBXProject section */

/* Begin PBXResourcesBuildPhase section */
		77F181442544C0F300E765EB /* Resources */ = {
			isa = PBXResourcesBuildPhase;
			buildActionMask = 2147483647;
			files = (
				77B52F392545FE2800284E90 /* CommomTableViewCell.xib in Resources */,
				77B52EF62544E94D00284E90 /* Home.storyboard in Resources */,
				77F181562544C0F400E765EB /* LaunchScreen.storyboard in Resources */,
				77F181532544C0F400E765EB /* Assets.xcassets in Resources */,
				77B52F002544E9AB00284E90 /* Details.storyboard in Resources */,
			);
			runOnlyForDeploymentPostprocessing = 0;
		};
		77F1815A2544C0F400E765EB /* Resources */ = {
			isa = PBXResourcesBuildPhase;
			buildActionMask = 2147483647;
			files = (
			);
			runOnlyForDeploymentPostprocessing = 0;
		};
		77F181652544C0F400E765EB /* Resources */ = {
			isa = PBXResourcesBuildPhase;
			buildActionMask = 2147483647;
			files = (
			);
			runOnlyForDeploymentPostprocessing = 0;
		};
/* End PBXResourcesBuildPhase section */

/* Begin PBXShellScriptBuildPhase section */
		1D30D003AA6C157D7CA6BAAA /* [CP] Embed Pods Frameworks */ = {
			isa = PBXShellScriptBuildPhase;
			buildActionMask = 2147483647;
			files = (
			);
			inputFileListPaths = (
				"${PODS_ROOT}/Target Support Files/Pods-Pattern-MVVM/Pods-Pattern-MVVM-frameworks-${CONFIGURATION}-input-files.xcfilelist",
			);
			name = "[CP] Embed Pods Frameworks";
			outputFileListPaths = (
				"${PODS_ROOT}/Target Support Files/Pods-Pattern-MVVM/Pods-Pattern-MVVM-frameworks-${CONFIGURATION}-output-files.xcfilelist",
			);
			runOnlyForDeploymentPostprocessing = 0;
			shellPath = /bin/sh;
			shellScript = "\"${PODS_ROOT}/Target Support Files/Pods-Pattern-MVVM/Pods-Pattern-MVVM-frameworks.sh\"\n";
			showEnvVarsInLog = 0;
		};
		73DAF7D48874A61506FC9175 /* [CP] Check Pods Manifest.lock */ = {
			isa = PBXShellScriptBuildPhase;
			buildActionMask = 2147483647;
			files = (
			);
			inputFileListPaths = (
			);
			inputPaths = (
				"${PODS_PODFILE_DIR_PATH}/Podfile.lock",
				"${PODS_ROOT}/Manifest.lock",
			);
			name = "[CP] Check Pods Manifest.lock";
			outputFileListPaths = (
			);
			outputPaths = (
				"$(DERIVED_FILE_DIR)/Pods-Pattern-MVVM-Pattern-MVVMUITests-checkManifestLockResult.txt",
			);
			runOnlyForDeploymentPostprocessing = 0;
			shellPath = /bin/sh;
			shellScript = "diff \"${PODS_PODFILE_DIR_PATH}/Podfile.lock\" \"${PODS_ROOT}/Manifest.lock\" > /dev/null\nif [ $? != 0 ] ; then\n    # print error to STDERR\n    echo \"error: The sandbox is not in sync with the Podfile.lock. Run 'pod install' or update your CocoaPods installation.\" >&2\n    exit 1\nfi\n# This output is used by Xcode 'outputs' to avoid re-running this script phase.\necho \"SUCCESS\" > \"${SCRIPT_OUTPUT_FILE_0}\"\n";
			showEnvVarsInLog = 0;
		};
		7CF812A34920317F87922C7E /* [CP] Check Pods Manifest.lock */ = {
			isa = PBXShellScriptBuildPhase;
			buildActionMask = 2147483647;
			files = (
			);
			inputFileListPaths = (
			);
			inputPaths = (
				"${PODS_PODFILE_DIR_PATH}/Podfile.lock",
				"${PODS_ROOT}/Manifest.lock",
			);
			name = "[CP] Check Pods Manifest.lock";
			outputFileListPaths = (
			);
			outputPaths = (
				"$(DERIVED_FILE_DIR)/Pods-Pattern-MVVM-checkManifestLockResult.txt",
			);
			runOnlyForDeploymentPostprocessing = 0;
			shellPath = /bin/sh;
			shellScript = "diff \"${PODS_PODFILE_DIR_PATH}/Podfile.lock\" \"${PODS_ROOT}/Manifest.lock\" > /dev/null\nif [ $? != 0 ] ; then\n    # print error to STDERR\n    echo \"error: The sandbox is not in sync with the Podfile.lock. Run 'pod install' or update your CocoaPods installation.\" >&2\n    exit 1\nfi\n# This output is used by Xcode 'outputs' to avoid re-running this script phase.\necho \"SUCCESS\" > \"${SCRIPT_OUTPUT_FILE_0}\"\n";
			showEnvVarsInLog = 0;
		};
		F9CB0DC8D61DFB9F8C9D6703 /* [CP] Check Pods Manifest.lock */ = {
			isa = PBXShellScriptBuildPhase;
			buildActionMask = 2147483647;
			files = (
			);
			inputFileListPaths = (
			);
			inputPaths = (
				"${PODS_PODFILE_DIR_PATH}/Podfile.lock",
				"${PODS_ROOT}/Manifest.lock",
			);
			name = "[CP] Check Pods Manifest.lock";
			outputFileListPaths = (
			);
			outputPaths = (
				"$(DERIVED_FILE_DIR)/Pods-Pattern-MVVMTests-checkManifestLockResult.txt",
			);
			runOnlyForDeploymentPostprocessing = 0;
			shellPath = /bin/sh;
			shellScript = "diff \"${PODS_PODFILE_DIR_PATH}/Podfile.lock\" \"${PODS_ROOT}/Manifest.lock\" > /dev/null\nif [ $? != 0 ] ; then\n    # print error to STDERR\n    echo \"error: The sandbox is not in sync with the Podfile.lock. Run 'pod install' or update your CocoaPods installation.\" >&2\n    exit 1\nfi\n# This output is used by Xcode 'outputs' to avoid re-running this script phase.\necho \"SUCCESS\" > \"${SCRIPT_OUTPUT_FILE_0}\"\n";
			showEnvVarsInLog = 0;
		};
		FF5C0D3AFC16D216E3E7FC94 /* [CP] Embed Pods Frameworks */ = {
			isa = PBXShellScriptBuildPhase;
			buildActionMask = 2147483647;
			files = (
			);
			inputFileListPaths = (
				"${PODS_ROOT}/Target Support Files/Pods-Pattern-MVVM-Pattern-MVVMUITests/Pods-Pattern-MVVM-Pattern-MVVMUITests-frameworks-${CONFIGURATION}-input-files.xcfilelist",
			);
			name = "[CP] Embed Pods Frameworks";
			outputFileListPaths = (
				"${PODS_ROOT}/Target Support Files/Pods-Pattern-MVVM-Pattern-MVVMUITests/Pods-Pattern-MVVM-Pattern-MVVMUITests-frameworks-${CONFIGURATION}-output-files.xcfilelist",
			);
			runOnlyForDeploymentPostprocessing = 0;
			shellPath = /bin/sh;
			shellScript = "\"${PODS_ROOT}/Target Support Files/Pods-Pattern-MVVM-Pattern-MVVMUITests/Pods-Pattern-MVVM-Pattern-MVVMUITests-frameworks.sh\"\n";
			showEnvVarsInLog = 0;
		};
/* End PBXShellScriptBuildPhase section */

/* Begin PBXSourcesBuildPhase section */
		77F181422544C0F300E765EB /* Sources */ = {
			isa = PBXSourcesBuildPhase;
			buildActionMask = 2147483647;
			files = (
				77F181A72544C8B700E765EB /* EventService.swift in Sources */,
				77F181DD2544D59500E765EB /* MainCoordinator.swift in Sources */,
				77F181A22544C60100E765EB /* Events.swift in Sources */,
				77B52F382545FE2800284E90 /* CommomTableViewCell.swift in Sources */,
				77F1819D2544C54000E765EB /* People.swift in Sources */,
				775C4A192544DBC7005347BB /* DetailsCoordinator.swift in Sources */,
				77B52EF12544E8FB00284E90 /* HomeViewController.swift in Sources */,
				77F1814A2544C0F300E765EB /* AppDelegate.swift in Sources */,
				77F1814C2544C0F300E765EB /* SceneDelegate.swift in Sources */,
				77F181E72544D5C100E765EB /* Storyboarded.swift in Sources */,
				77F181F62544D68200E765EB /* Colors.swift in Sources */,
				77B52F0D2545053400284E90 /* HomeService.swift in Sources */,
				77F181D52544D28600E765EB /* Extensions.swift in Sources */,
				77F181E22544D5AD00E765EB /* Coordinator.swift in Sources */,
				77F181EC2544D5D300E765EB /* HomeCoordinator.swift in Sources */,
				77B52F05254503D800284E90 /* HomeViewModel.swift in Sources */,
				77F181F12544D60800E765EB /* Constants.swift in Sources */,
				77B52EFB2544E98C00284E90 /* DetailsViewController.swift in Sources */,
			);
			runOnlyForDeploymentPostprocessing = 0;
		};
		77F181582544C0F400E765EB /* Sources */ = {
			isa = PBXSourcesBuildPhase;
			buildActionMask = 2147483647;
			files = (
				77F181612544C0F400E765EB /* Pattern_MVVMTests.swift in Sources */,
			);
			runOnlyForDeploymentPostprocessing = 0;
		};
		77F181632544C0F400E765EB /* Sources */ = {
			isa = PBXSourcesBuildPhase;
			buildActionMask = 2147483647;
			files = (
				77F1816C2544C0F400E765EB /* Pattern_MVVMUITests.swift in Sources */,
			);
			runOnlyForDeploymentPostprocessing = 0;
		};
/* End PBXSourcesBuildPhase section */

/* Begin PBXTargetDependency section */
		77F1815E2544C0F400E765EB /* PBXTargetDependency */ = {
			isa = PBXTargetDependency;
			target = 77F181452544C0F300E765EB /* Pattern-MVVM */;
			targetProxy = 77F1815D2544C0F400E765EB /* PBXContainerItemProxy */;
		};
		77F181692544C0F400E765EB /* PBXTargetDependency */ = {
			isa = PBXTargetDependency;
			target = 77F181452544C0F300E765EB /* Pattern-MVVM */;
			targetProxy = 77F181682544C0F400E765EB /* PBXContainerItemProxy */;
		};
/* End PBXTargetDependency section */

/* Begin PBXVariantGroup section */
		77F181542544C0F400E765EB /* LaunchScreen.storyboard */ = {
			isa = PBXVariantGroup;
			children = (
				77F181552544C0F400E765EB /* Base */,
			);
			name = LaunchScreen.storyboard;
			sourceTree = "<group>";
		};
/* End PBXVariantGroup section */

/* Begin XCBuildConfiguration section */
		77F1816E2544C0F400E765EB /* Debug */ = {
			isa = XCBuildConfiguration;
			buildSettings = {
				ALWAYS_SEARCH_USER_PATHS = NO;
				CLANG_ANALYZER_NONNULL = YES;
				CLANG_ANALYZER_NUMBER_OBJECT_CONVERSION = YES_AGGRESSIVE;
				CLANG_CXX_LANGUAGE_STANDARD = "gnu++14";
				CLANG_CXX_LIBRARY = "libc++";
				CLANG_ENABLE_MODULES = YES;
				CLANG_ENABLE_OBJC_ARC = YES;
				CLANG_ENABLE_OBJC_WEAK = YES;
				CLANG_WARN_BLOCK_CAPTURE_AUTORELEASING = YES;
				CLANG_WARN_BOOL_CONVERSION = YES;
				CLANG_WARN_COMMA = YES;
				CLANG_WARN_CONSTANT_CONVERSION = YES;
				CLANG_WARN_DEPRECATED_OBJC_IMPLEMENTATIONS = YES;
				CLANG_WARN_DIRECT_OBJC_ISA_USAGE = YES_ERROR;
				CLANG_WARN_DOCUMENTATION_COMMENTS = YES;
				CLANG_WARN_EMPTY_BODY = YES;
				CLANG_WARN_ENUM_CONVERSION = YES;
				CLANG_WARN_INFINITE_RECURSION = YES;
				CLANG_WARN_INT_CONVERSION = YES;
				CLANG_WARN_NON_LITERAL_NULL_CONVERSION = YES;
				CLANG_WARN_OBJC_IMPLICIT_RETAIN_SELF = YES;
				CLANG_WARN_OBJC_LITERAL_CONVERSION = YES;
				CLANG_WARN_OBJC_ROOT_CLASS = YES_ERROR;
				CLANG_WARN_QUOTED_INCLUDE_IN_FRAMEWORK_HEADER = YES;
				CLANG_WARN_RANGE_LOOP_ANALYSIS = YES;
				CLANG_WARN_STRICT_PROTOTYPES = YES;
				CLANG_WARN_SUSPICIOUS_MOVE = YES;
				CLANG_WARN_UNGUARDED_AVAILABILITY = YES_AGGRESSIVE;
				CLANG_WARN_UNREACHABLE_CODE = YES;
				CLANG_WARN__DUPLICATE_METHOD_MATCH = YES;
				COPY_PHASE_STRIP = NO;
				DEBUG_INFORMATION_FORMAT = dwarf;
				ENABLE_STRICT_OBJC_MSGSEND = YES;
				ENABLE_TESTABILITY = YES;
				GCC_C_LANGUAGE_STANDARD = gnu11;
				GCC_DYNAMIC_NO_PIC = NO;
				GCC_NO_COMMON_BLOCKS = YES;
				GCC_OPTIMIZATION_LEVEL = 0;
				GCC_PREPROCESSOR_DEFINITIONS = (
					"DEBUG=1",
					"$(inherited)",
				);
				GCC_WARN_64_TO_32_BIT_CONVERSION = YES;
				GCC_WARN_ABOUT_RETURN_TYPE = YES_ERROR;
				GCC_WARN_UNDECLARED_SELECTOR = YES;
				GCC_WARN_UNINITIALIZED_AUTOS = YES_AGGRESSIVE;
				GCC_WARN_UNUSED_FUNCTION = YES;
				GCC_WARN_UNUSED_VARIABLE = YES;
				IPHONEOS_DEPLOYMENT_TARGET = 13.0;
				MTL_ENABLE_DEBUG_INFO = INCLUDE_SOURCE;
				MTL_FAST_MATH = YES;
				ONLY_ACTIVE_ARCH = YES;
				SDKROOT = iphoneos;
				SWIFT_ACTIVE_COMPILATION_CONDITIONS = DEBUG;
				SWIFT_OPTIMIZATION_LEVEL = "-Onone";
			};
			name = Debug;
		};
		77F1816F2544C0F400E765EB /* Release */ = {
			isa = XCBuildConfiguration;
			buildSettings = {
				ALWAYS_SEARCH_USER_PATHS = NO;
				CLANG_ANALYZER_NONNULL = YES;
				CLANG_ANALYZER_NUMBER_OBJECT_CONVERSION = YES_AGGRESSIVE;
				CLANG_CXX_LANGUAGE_STANDARD = "gnu++14";
				CLANG_CXX_LIBRARY = "libc++";
				CLANG_ENABLE_MODULES = YES;
				CLANG_ENABLE_OBJC_ARC = YES;
				CLANG_ENABLE_OBJC_WEAK = YES;
				CLANG_WARN_BLOCK_CAPTURE_AUTORELEASING = YES;
				CLANG_WARN_BOOL_CONVERSION = YES;
				CLANG_WARN_COMMA = YES;
				CLANG_WARN_CONSTANT_CONVERSION = YES;
				CLANG_WARN_DEPRECATED_OBJC_IMPLEMENTATIONS = YES;
				CLANG_WARN_DIRECT_OBJC_ISA_USAGE = YES_ERROR;
				CLANG_WARN_DOCUMENTATION_COMMENTS = YES;
				CLANG_WARN_EMPTY_BODY = YES;
				CLANG_WARN_ENUM_CONVERSION = YES;
				CLANG_WARN_INFINITE_RECURSION = YES;
				CLANG_WARN_INT_CONVERSION = YES;
				CLANG_WARN_NON_LITERAL_NULL_CONVERSION = YES;
				CLANG_WARN_OBJC_IMPLICIT_RETAIN_SELF = YES;
				CLANG_WARN_OBJC_LITERAL_CONVERSION = YES;
				CLANG_WARN_OBJC_ROOT_CLASS = YES_ERROR;
				CLANG_WARN_QUOTED_INCLUDE_IN_FRAMEWORK_HEADER = YES;
				CLANG_WARN_RANGE_LOOP_ANALYSIS = YES;
				CLANG_WARN_STRICT_PROTOTYPES = YES;
				CLANG_WARN_SUSPICIOUS_MOVE = YES;
				CLANG_WARN_UNGUARDED_AVAILABILITY = YES_AGGRESSIVE;
				CLANG_WARN_UNREACHABLE_CODE = YES;
				CLANG_WARN__DUPLICATE_METHOD_MATCH = YES;
				COPY_PHASE_STRIP = NO;
				DEBUG_INFORMATION_FORMAT = "dwarf-with-dsym";
				ENABLE_NS_ASSERTIONS = NO;
				ENABLE_STRICT_OBJC_MSGSEND = YES;
				GCC_C_LANGUAGE_STANDARD = gnu11;
				GCC_NO_COMMON_BLOCKS = YES;
				GCC_WARN_64_TO_32_BIT_CONVERSION = YES;
				GCC_WARN_ABOUT_RETURN_TYPE = YES_ERROR;
				GCC_WARN_UNDECLARED_SELECTOR = YES;
				GCC_WARN_UNINITIALIZED_AUTOS = YES_AGGRESSIVE;
				GCC_WARN_UNUSED_FUNCTION = YES;
				GCC_WARN_UNUSED_VARIABLE = YES;
				IPHONEOS_DEPLOYMENT_TARGET = 13.0;
				MTL_ENABLE_DEBUG_INFO = NO;
				MTL_FAST_MATH = YES;
				SDKROOT = iphoneos;
				SWIFT_COMPILATION_MODE = wholemodule;
				SWIFT_OPTIMIZATION_LEVEL = "-O";
				VALIDATE_PRODUCT = YES;
			};
			name = Release;
		};
		77F181712544C0F400E765EB /* Debug */ = {
			isa = XCBuildConfiguration;
			baseConfigurationReference = A0B6F1BFAEC234E5EDF8B237 /* Pods-Pattern-MVVM.debug.xcconfig */;
			buildSettings = {
				ASSETCATALOG_COMPILER_APPICON_NAME = AppIcon;
				ASSETCATALOG_COMPILER_GLOBAL_ACCENT_COLOR_NAME = AccentColor;
				CODE_SIGN_STYLE = Automatic;
				DEVELOPMENT_TEAM = TYNC5NT5U5;
				INFOPLIST_FILE = "Pattern-MVVM/Info.plist";
				IPHONEOS_DEPLOYMENT_TARGET = 13.0;
				LD_RUNPATH_SEARCH_PATHS = (
					"$(inherited)",
					"@executable_path/Frameworks",
				);
				PRODUCT_BUNDLE_IDENTIFIER = "com.WoopSicredi.Pattern-MVVM";
				PRODUCT_NAME = "$(TARGET_NAME)";
				SWIFT_VERSION = 5.0;
				TARGETED_DEVICE_FAMILY = 1;
			};
			name = Debug;
		};
		77F181722544C0F400E765EB /* Release */ = {
			isa = XCBuildConfiguration;
			baseConfigurationReference = 038CAEFF88F3461E6198AFB7 /* Pods-Pattern-MVVM.release.xcconfig */;
			buildSettings = {
				ASSETCATALOG_COMPILER_APPICON_NAME = AppIcon;
				ASSETCATALOG_COMPILER_GLOBAL_ACCENT_COLOR_NAME = AccentColor;
				CODE_SIGN_STYLE = Automatic;
				DEVELOPMENT_TEAM = TYNC5NT5U5;
				INFOPLIST_FILE = "Pattern-MVVM/Info.plist";
				IPHONEOS_DEPLOYMENT_TARGET = 13.0;
				LD_RUNPATH_SEARCH_PATHS = (
					"$(inherited)",
					"@executable_path/Frameworks",
				);
				PRODUCT_BUNDLE_IDENTIFIER = "com.WoopSicredi.Pattern-MVVM";
				PRODUCT_NAME = "$(TARGET_NAME)";
				SWIFT_VERSION = 5.0;
				TARGETED_DEVICE_FAMILY = 1;
			};
			name = Release;
		};
		77F181742544C0F400E765EB /* Debug */ = {
			isa = XCBuildConfiguration;
			baseConfigurationReference = CBDCBD307B43A302BC495CDF /* Pods-Pattern-MVVMTests.debug.xcconfig */;
			buildSettings = {
				ALWAYS_EMBED_SWIFT_STANDARD_LIBRARIES = YES;
				BUNDLE_LOADER = "$(TEST_HOST)";
				CODE_SIGN_STYLE = Automatic;
				DEVELOPMENT_TEAM = TYNC5NT5U5;
				INFOPLIST_FILE = "Pattern-MVVMTests/Info.plist";
				IPHONEOS_DEPLOYMENT_TARGET = 14.1;
				LD_RUNPATH_SEARCH_PATHS = (
					"$(inherited)",
					"@executable_path/Frameworks",
					"@loader_path/Frameworks",
				);
				PRODUCT_BUNDLE_IDENTIFIER = "com.WoopSicredi.Pattern-MVVMTests";
				PRODUCT_NAME = "$(TARGET_NAME)";
				SWIFT_VERSION = 5.0;
				TARGETED_DEVICE_FAMILY = "1,2";
				TEST_HOST = "$(BUILT_PRODUCTS_DIR)/Pattern-MVVM.app/Pattern-MVVM";
			};
			name = Debug;
		};
		77F181752544C0F400E765EB /* Release */ = {
			isa = XCBuildConfiguration;
			baseConfigurationReference = D50DEFBE46FC83F3CBAA6EB3 /* Pods-Pattern-MVVMTests.release.xcconfig */;
			buildSettings = {
				ALWAYS_EMBED_SWIFT_STANDARD_LIBRARIES = YES;
				BUNDLE_LOADER = "$(TEST_HOST)";
				CODE_SIGN_STYLE = Automatic;
				DEVELOPMENT_TEAM = TYNC5NT5U5;
				INFOPLIST_FILE = "Pattern-MVVMTests/Info.plist";
				IPHONEOS_DEPLOYMENT_TARGET = 14.1;
				LD_RUNPATH_SEARCH_PATHS = (
					"$(inherited)",
					"@executable_path/Frameworks",
					"@loader_path/Frameworks",
				);
				PRODUCT_BUNDLE_IDENTIFIER = "com.WoopSicredi.Pattern-MVVMTests";
				PRODUCT_NAME = "$(TARGET_NAME)";
				SWIFT_VERSION = 5.0;
				TARGETED_DEVICE_FAMILY = "1,2";
				TEST_HOST = "$(BUILT_PRODUCTS_DIR)/Pattern-MVVM.app/Pattern-MVVM";
			};
			name = Release;
		};
		77F181772544C0F400E765EB /* Debug */ = {
			isa = XCBuildConfiguration;
			baseConfigurationReference = 9F90FCBC1EFEE20D5C9AFE82 /* Pods-Pattern-MVVM-Pattern-MVVMUITests.debug.xcconfig */;
			buildSettings = {
				ALWAYS_EMBED_SWIFT_STANDARD_LIBRARIES = YES;
				CODE_SIGN_STYLE = Automatic;
				DEVELOPMENT_TEAM = TYNC5NT5U5;
				INFOPLIST_FILE = "Pattern-MVVMUITests/Info.plist";
				LD_RUNPATH_SEARCH_PATHS = (
					"$(inherited)",
					"@executable_path/Frameworks",
					"@loader_path/Frameworks",
				);
				PRODUCT_BUNDLE_IDENTIFIER = "com.WoopSicredi.Pattern-MVVMUITests";
				PRODUCT_NAME = "$(TARGET_NAME)";
				SWIFT_VERSION = 5.0;
				TARGETED_DEVICE_FAMILY = "1,2";
				TEST_TARGET_NAME = "Pattern-MVVM";
			};
			name = Debug;
		};
		77F181782544C0F400E765EB /* Release */ = {
			isa = XCBuildConfiguration;
			baseConfigurationReference = 946C39C6E7ABEB5B477A4090 /* Pods-Pattern-MVVM-Pattern-MVVMUITests.release.xcconfig */;
			buildSettings = {
				ALWAYS_EMBED_SWIFT_STANDARD_LIBRARIES = YES;
				CODE_SIGN_STYLE = Automatic;
				DEVELOPMENT_TEAM = TYNC5NT5U5;
				INFOPLIST_FILE = "Pattern-MVVMUITests/Info.plist";
				LD_RUNPATH_SEARCH_PATHS = (
					"$(inherited)",
					"@executable_path/Frameworks",
					"@loader_path/Frameworks",
				);
				PRODUCT_BUNDLE_IDENTIFIER = "com.WoopSicredi.Pattern-MVVMUITests";
				PRODUCT_NAME = "$(TARGET_NAME)";
				SWIFT_VERSION = 5.0;
				TARGETED_DEVICE_FAMILY = "1,2";
				TEST_TARGET_NAME = "Pattern-MVVM";
			};
			name = Release;
		};
/* End XCBuildConfiguration section */

/* Begin XCConfigurationList section */
		77F181412544C0F300E765EB /* Build configuration list for PBXProject "Pattern-MVVM" */ = {
			isa = XCConfigurationList;
			buildConfigurations = (
				77F1816E2544C0F400E765EB /* Debug */,
				77F1816F2544C0F400E765EB /* Release */,
			);
			defaultConfigurationIsVisible = 0;
			defaultConfigurationName = Release;
		};
		77F181702544C0F400E765EB /* Build configuration list for PBXNativeTarget "Pattern-MVVM" */ = {
			isa = XCConfigurationList;
			buildConfigurations = (
				77F181712544C0F400E765EB /* Debug */,
				77F181722544C0F400E765EB /* Release */,
			);
			defaultConfigurationIsVisible = 0;
			defaultConfigurationName = Release;
		};
		77F181732544C0F400E765EB /* Build configuration list for PBXNativeTarget "Pattern-MVVMTests" */ = {
			isa = XCConfigurationList;
			buildConfigurations = (
				77F181742544C0F400E765EB /* Debug */,
				77F181752544C0F400E765EB /* Release */,
			);
			defaultConfigurationIsVisible = 0;
			defaultConfigurationName = Release;
		};
		77F181762544C0F400E765EB /* Build configuration list for PBXNativeTarget "Pattern-MVVMUITests" */ = {
			isa = XCConfigurationList;
			buildConfigurations = (
				77F181772544C0F400E765EB /* Debug */,
				77F181782544C0F400E765EB /* Release */,
			);
			defaultConfigurationIsVisible = 0;
			defaultConfigurationName = Release;
		};
/* End XCConfigurationList section */
	};
	rootObject = 77F1813E2544C0F300E765EB /* Project object */;
}
