PODS:
  - Alamofire (4.9.1)
  - Kingfisher (5.15.6):
    - Kingfisher/Core (= 5.15.6)
  - Kingfisher/Core (5.15.6)
  - SwiftLint (0.40.3)

DEPENDENCIES:
  - Alamofire (~> 4.9.1)
  - Kingfisher (~> 5.15.0)
  - SwiftLint (~> 0.40.0)

SPEC REPOS:
  trunk:
    - Alamofire
    - Kingfisher
    - SwiftLint

SPEC CHECKSUMS:
  Alamofire: 85e8a02c69d6020a0d734f6054870d7ecb75cf18
  Kingfisher: b3554e7bf6106115b44e8795300bad580ef2fdc7
  SwiftLint: dfd554ff0dff17288ee574814ccdd5cea85d76f7

PODFILE CHECKSUM: 13d011a149d26873d155df97fcc46f5749fc62f2

COCOAPODS: 1.9.3
